<?xml version="1.0" encoding="UTF-8"?>
<Project ToolsVersion="12.0" xmlns="http://schemas.microsoft.com/developer/msbuild/2003">
  <ItemGroup>
    <CustomBuild Include="C:\Users\ask85\Documents\GVDB_build\gRender_Kernel\CMakeFiles\718fbdf447cc1167af202e50157a6354\generate.stamp.rule">
      <Filter>CMake Rules</Filter>
    </CustomBuild>
  </ItemGroup>
  <ItemGroup>
    <Filter Include="CMake Rules">
      <UniqueIdentifier>{BC97A996-9062-3E96-ABD1-91F46614505C}</UniqueIdentifier>
    </Filter>
  </ItemGroup>
</Project>
