<?xml version="1.0" encoding="UTF-8"?>
<Project ToolsVersion="12.0" xmlns="http://schemas.microsoft.com/developer/msbuild/2003">
  <ItemGroup>
    <ClCompile Include="C:\Users\ask85\Documents\source\gSprayDeposit\main_spray_deposit.cpp">
      <Filter>Source Files</Filter>
    </ClCompile>
    <ClCompile Include="C:\Users\ask85\Documents\source\sample_utils\file_png.cpp">
      <Filter>Source Files</Filter>
    </ClCompile>
    <ClCompile Include="C:\Users\ask85\Documents\source\sample_utils\file_tga.cpp">
      <Filter>Source Files</Filter>
    </ClCompile>
    <ClCompile Include="C:\Users\ask85\Documents\source\sample_utils\glew.c">
      <Filter>Source Files</Filter>
    </ClCompile>
    <ClCompile Include="C:\Users\ask85\Documents\source\sample_utils\main_win.cpp">
      <Filter>Source Files</Filter>
    </ClCompile>
    <ClCompile Include="C:\Users\ask85\Documents\source\sample_utils\nv_gui.cpp">
      <Filter>Source Files</Filter>
    </ClCompile>
  </ItemGroup>
  <ItemGroup>
    <ClInclude Include="C:\Users\ask85\Documents\include\gvdb.h">
      <Filter>GVDB</Filter>
    </ClInclude>
    <ClInclude Include="C:\Users\ask85\Documents\source\sample_utils\file_png.h">
      <Filter>Header Files</Filter>
    </ClInclude>
    <ClInclude Include="C:\Users\ask85\Documents\source\sample_utils\main.h">
      <Filter>Header Files</Filter>
    </ClInclude>
    <ClInclude Include="C:\Users\ask85\Documents\source\sample_utils\nv_gui.h">
      <Filter>Header Files</Filter>
    </ClInclude>
  </ItemGroup>
  <ItemGroup>
    <CustomBuild Include="C:\Users\ask85\Documents\source\gSprayDeposit\CMakeLists.txt" />
  </ItemGroup>
  <ItemGroup>
    <None Include="C:\Program Files\NVIDIA GPU Computing Toolkit\CUDA\v7.5\include">
      <Filter>CUDA</Filter>
    </None>
  </ItemGroup>
  <ItemGroup>
    <Filter Include="Source Files">
      <UniqueIdentifier>{7A844A24-96F1-3C05-BA5D-3767D51D2293}</UniqueIdentifier>
    </Filter>
    <Filter Include="Header Files">
      <UniqueIdentifier>{B52CABB3-F0CB-37DB-8A87-CB9293377992}</UniqueIdentifier>
    </Filter>
    <Filter Include="GVDB">
      <UniqueIdentifier>{686361BE-EE35-3143-98DA-B26B3CA8A9BF}</UniqueIdentifier>
    </Filter>
    <Filter Include="CUDA">
      <UniqueIdentifier>{A0AAAB98-5F9F-38D6-A028-D68E73C8D79C}</UniqueIdentifier>
    </Filter>
  </ItemGroup>
</Project>
